
Microsoft Visual Studio Solution File, Format Version 12.00
# Visual Studio Version 17
VisualStudioVersion = 17.5.33414.496
MinimumVisualStudioVersion = 10.0.40219.1
Project("{FAE04EC0-301F-11D3-BF4B-00C04F79EFBC}") = "ConsolePDF", "ConsolePDF\ConsolePDF.csproj", "{8C01047A-7FAB-4AE7-BDA4-3EFEBB7971F0}"
EndProject
Global
	GlobalSection(SolutionConfigurationPlatforms) = preSolution
		Debug|Any CPU = Debug|Any CPU
		Release|Any CPU = Release|Any CPU
	EndGlobalSection
	GlobalSection(ProjectConfigurationPlatforms) = postSolution
		{8C01047A-7FAB-4AE7-BDA4-3EFEBB7971F0}.Debug|Any CPU.ActiveCfg = Debug|Any CPU
		{8C01047A-7FAB-4AE7-BDA4-3EFEBB7971F0}.Debug|Any CPU.Build.0 = Debug|Any CPU
		{8C01047A-7FAB-4AE7-BDA4-3EFEBB7971F0}.Release|Any CPU.ActiveCfg = Release|Any CPU
		{8C01047A-7FAB-4AE7-BDA4-3EFEBB7971F0}.Release|Any CPU.Build.0 = Release|Any CPU
	EndGlobalSection
	GlobalSection(SolutionProperties) = preSolution
		HideSolutionNode = FALSE
	EndGlobalSection
	GlobalSection(ExtensibilityGlobals) = postSolution
		SolutionGuid = {CE949281-F560-471E-ACE1-D3A585C51CD1}
	EndGlobalSection
EndGlobal
